# THIS IS AN AUTOGENERATED FILE. DO NOT EDIT THIS FILE DIRECTLY.
# yarn lockfile v1


"@dhmk/atom@^0.0.1":
  version "0.0.1"
  resolved "https://registry.yarnpkg.com/@dhmk/atom/-/atom-0.0.1.tgz#6fb5dfbf1e8c61e5a96538080ffbe5bb271b0fb0"
  integrity sha512-enmpTFV3Y3KOyhifUIalG2FABOj2Y7vAgJub7q7oFkBo+LH9kvf4MaT4ZbdUgxw84/gCN0D05/J/11jRr8U7FA==
  dependencies:
    "@dhmk/utils" "^2.0.0"

"@dhmk/cell@^0.0.2":
  version "0.0.2"
  resolved "https://registry.yarnpkg.com/@dhmk/cell/-/cell-0.0.2.tgz#e65e173715c97eba6c07af40dd7bb1eadc57c113"
  integrity sha512-UtSFCkOaoHfOvRpgoZn6xB5KmWF8sBHnILabIMbkxhibIgBtVYZWsCQY6ON5mgux6lnxC3JkbcufdWoyYxSpEA==
  dependencies:
    "@dhmk/utils" "^1.0.0"

"@dhmk/utils@^1.0.0":
  version "1.0.0"
  resolved "https://registry.yarnpkg.com/@dhmk/utils/-/utils-1.0.0.tgz#a65476d34fdc6ffecdd6662d840740be6080d42a"
  integrity sha512-dBBXnXkAMZwB2eAKBB1TTamCUPkypNEBvGoZvOcGfMQaohe7wsLNAB6xtW3p7VmWSMLkBNLISoOVl5Gb0o6uQQ==

"@dhmk/utils@^2.0.0":
  version "2.0.0"
  resolved "https://registry.yarnpkg.com/@dhmk/utils/-/utils-2.0.0.tgz#5b876c779acc9b9d590959db4898499e0f530819"
  integrity sha512-s0lssvBTJQjPkT6+B3Zb0MZgryUKE9rENZ966MUFgUiry2I+A1mHyzJlD5859K9bcTK16o3o3g0kN7FRc9NGng==
